
Microsoft Visual Studio Solution File, Format Version 12.00
# Visual Studio Version 16
VisualStudioVersion = 16.0.30517.126
MinimumVisualStudioVersion = 10.0.40219.1
Project("{FAE04EC0-301F-11D3-BF4B-00C04F79EFBC}") = "FirstBlazorApp", "FirstBlazorApp.csproj", "{6C2E4A54-0A3F-42B3-8EA1-8E9E5F5E5CF6}"
EndProject
Global
	GlobalSection(SolutionConfigurationPlatforms) = preSolution
		Debug|Any CPU = Debug|Any CPU
		Release|Any CPU = Release|Any CPU
	EndGlobalSection
	GlobalSection(ProjectConfigurationPlatforms) = postSolution
		{6C2E4A54-0A3F-42B3-8EA1-8E9E5F5E5CF6}.Debug|Any CPU.ActiveCfg = Debug|Any CPU
		{6C2E4A54-0A3F-42B3-8EA1-8E9E5F5E5CF6}.Debug|Any CPU.Build.0 = Debug|Any CPU
		{6C2E4A54-0A3F-42B3-8EA1-8E9E5F5E5CF6}.Release|Any CPU.ActiveCfg = Release|Any CPU
		{6C2E4A54-0A3F-42B3-8EA1-8E9E5F5E5CF6}.Release|Any CPU.Build.0 = Release|Any CPU
	EndGlobalSection
	GlobalSection(SolutionProperties) = preSolution
		HideSolutionNode = FALSE
	EndGlobalSection
	GlobalSection(ExtensibilityGlobals) = postSolution
		SolutionGuid = {23B619F7-D3C2-49A1-8824-FF0F7CEE3372}
	EndGlobalSection
EndGlobal
